
Microsoft Visual Studio Solution File, Format Version 12.00
# Visual Studio 15
VisualStudioVersion = 15.0.28010.2048
MinimumVisualStudioVersion = 10.0.40219.1
Project("{F184B08F-C81C-45F6-A57F-5ABD9991F28F}") = "Fussball TAB", "Fussball TAB\Fussball TAB.vbproj", "{DC159733-814D-4F93-9337-2D0F71EF3F1B}"
EndProject
Global
	GlobalSection(SolutionConfigurationPlatforms) = preSolution
		Debug|Any CPU = Debug|Any CPU
		Release|Any CPU = Release|Any CPU
	EndGlobalSection
	GlobalSection(ProjectConfigurationPlatforms) = postSolution
		{DC159733-814D-4F93-9337-2D0F71EF3F1B}.Debug|Any CPU.ActiveCfg = Debug|Any CPU
		{DC159733-814D-4F93-9337-2D0F71EF3F1B}.Debug|Any CPU.Build.0 = Debug|Any CPU
		{DC159733-814D-4F93-9337-2D0F71EF3F1B}.Release|Any CPU.ActiveCfg = Release|Any CPU
		{DC159733-814D-4F93-9337-2D0F71EF3F1B}.Release|Any CPU.Build.0 = Release|Any CPU
	EndGlobalSection
	GlobalSection(SolutionProperties) = preSolution
		HideSolutionNode = FALSE
	EndGlobalSection
	GlobalSection(ExtensibilityGlobals) = postSolution
		SolutionGuid = {9675F8B2-5D0F-46D5-ACEE-7714922DAA07}
	EndGlobalSection
EndGlobal
